
Microsoft Visual Studio Solution File, Format Version 11.00
# Visual Studio 2010
Project("{FAE04EC0-301F-11D3-BF4B-00C04F79EFBC}") = "Assembly-CSharp", "Assembly-CSharp.csproj", "{18ae028b-2847-1bce-b85b-045ad93c12e8}"
EndProject
Project("{FAE04EC0-301F-11D3-BF4B-00C04F79EFBC}") = "Assembly-CSharp-Editor", "Assembly-CSharp-Editor.csproj", "{a34e89d1-5ed6-ed6c-f8cb-fdcb950789ff}"
EndProject
Global
	GlobalSection(SolutionConfigurationPlatforms) = preSolution
		Debug|Any CPU = Debug|Any CPU
	EndGlobalSection
	GlobalSection(ProjectConfigurationPlatforms) = postSolution
		{18ae028b-2847-1bce-b85b-045ad93c12e8}.Debug|Any CPU.ActiveCfg = Debug|Any CPU
		{18ae028b-2847-1bce-b85b-045ad93c12e8}.Debug|Any CPU.Build.0 = Debug|Any CPU
		{a34e89d1-5ed6-ed6c-f8cb-fdcb950789ff}.Debug|Any CPU.ActiveCfg = Debug|Any CPU
		{a34e89d1-5ed6-ed6c-f8cb-fdcb950789ff}.Debug|Any CPU.Build.0 = Debug|Any CPU
	EndGlobalSection
	GlobalSection(SolutionProperties) = preSolution
		HideSolutionNode = FALSE
	EndGlobalSection
EndGlobal
